
Microsoft Visual Studio Solution File, Format Version 12.00
# Visual Studio Version 16
VisualStudioVersion = 16.0.30523.141
MinimumVisualStudioVersion = 10.0.40219.1
Project("{FAE04EC0-301F-11D3-BF4B-00C04F79EFBC}") = "CRS.Web", "CRS.Web\CRS.Web.csproj", "{C8E79829-4449-43AA-820A-B6616479372E}"
EndProject
Project("{FAE04EC0-301F-11D3-BF4B-00C04F79EFBC}") = "CRS.Data", "CRS.Data\CRS.Data.csproj", "{DF55FE3C-2511-452A-BC63-FEEC8E170293}"
EndProject
Global
	GlobalSection(SolutionConfigurationPlatforms) = preSolution
		Debug|Any CPU = Debug|Any CPU
		Release|Any CPU = Release|Any CPU
	EndGlobalSection
	GlobalSection(ProjectConfigurationPlatforms) = postSolution
		{C8E79829-4449-43AA-820A-B6616479372E}.Debug|Any CPU.ActiveCfg = Debug|Any CPU
		{C8E79829-4449-43AA-820A-B6616479372E}.Debug|Any CPU.Build.0 = Debug|Any CPU
		{C8E79829-4449-43AA-820A-B6616479372E}.Release|Any CPU.ActiveCfg = Release|Any CPU
		{C8E79829-4449-43AA-820A-B6616479372E}.Release|Any CPU.Build.0 = Release|Any CPU
		{DF55FE3C-2511-452A-BC63-FEEC8E170293}.Debug|Any CPU.ActiveCfg = Debug|Any CPU
		{DF55FE3C-2511-452A-BC63-FEEC8E170293}.Debug|Any CPU.Build.0 = Debug|Any CPU
		{DF55FE3C-2511-452A-BC63-FEEC8E170293}.Release|Any CPU.ActiveCfg = Release|Any CPU
		{DF55FE3C-2511-452A-BC63-FEEC8E170293}.Release|Any CPU.Build.0 = Release|Any CPU
	EndGlobalSection
	GlobalSection(SolutionProperties) = preSolution
		HideSolutionNode = FALSE
	EndGlobalSection
	GlobalSection(ExtensibilityGlobals) = postSolution
		SolutionGuid = {24FAF7DC-6782-4001-B40B-BFDA9F2B28E8}
	EndGlobalSection
EndGlobal
